
Microsoft Visual Studio Solution File, Format Version 12.00
# Visual Studio Version 16
VisualStudioVersion = 16.0.31515.178
MinimumVisualStudioVersion = 10.0.40219.1
Project("{9A19103F-16F7-4668-BE54-9A1E7A4F7556}") = "NumbersToWords", "NumbersToWords\NumbersToWords.csproj", "{519CD02E-80B7-4F10-ACB0-9E229039C904}"
EndProject
Project("{FAE04EC0-301F-11D3-BF4B-00C04F79EFBC}") = "NumbersToWordsTests", "NumbersToWordsTests\NumbersToWordsTests.csproj", "{9AC51314-AD74-4BC2-8A3D-AFDBDD2606C3}"
EndProject
Global
	GlobalSection(SolutionConfigurationPlatforms) = preSolution
		Debug|Any CPU = Debug|Any CPU
		Release|Any CPU = Release|Any CPU
	EndGlobalSection
	GlobalSection(ProjectConfigurationPlatforms) = postSolution
		{519CD02E-80B7-4F10-ACB0-9E229039C904}.Debug|Any CPU.ActiveCfg = Debug|Any CPU
		{519CD02E-80B7-4F10-ACB0-9E229039C904}.Debug|Any CPU.Build.0 = Debug|Any CPU
		{519CD02E-80B7-4F10-ACB0-9E229039C904}.Release|Any CPU.ActiveCfg = Release|Any CPU
		{519CD02E-80B7-4F10-ACB0-9E229039C904}.Release|Any CPU.Build.0 = Release|Any CPU
		{9AC51314-AD74-4BC2-8A3D-AFDBDD2606C3}.Debug|Any CPU.ActiveCfg = Debug|Any CPU
		{9AC51314-AD74-4BC2-8A3D-AFDBDD2606C3}.Debug|Any CPU.Build.0 = Debug|Any CPU
		{9AC51314-AD74-4BC2-8A3D-AFDBDD2606C3}.Release|Any CPU.ActiveCfg = Release|Any CPU
		{9AC51314-AD74-4BC2-8A3D-AFDBDD2606C3}.Release|Any CPU.Build.0 = Release|Any CPU
	EndGlobalSection
	GlobalSection(SolutionProperties) = preSolution
		HideSolutionNode = FALSE
	EndGlobalSection
	GlobalSection(ExtensibilityGlobals) = postSolution
		SolutionGuid = {8A9B8AC0-9D35-4341-9E06-D14C96D71AC4}
	EndGlobalSection
EndGlobal
